705265015 com.example:example-project:jar:1.0-SNAPSHOT
1405163418 javax.activation:activation:jar:1.1:compile
1787913218 commons-codec:commons-codec:jar:1.11:compile
440902120 org.hamcrest:hamcrest-core:jar:1.3:compile
1831478624 org.apache.logging.log4j:log4j-api:jar:2.12.4:compile
1657920572 org.apache.logging.log4j:log4j-core:jar:2.15.0:compile
58791184 ch.qos.logback:logback-classic:jar:1.3.0-alpha4:compile
619621481 com.sun.mail:javax.mail:jar:1.6.0:runtime
408132785 ch.qos.logback:logback-core:jar:1.3.0-alpha4:compile
1955566523 org.slf4j:slf4j-api:jar:1.8.0-beta2:compile
2133668271 org.bouncycastle:bcmail-jdk15on:jar:1.60:compile
779179975 org.bouncycastle:bcpkix-jdk15on:jar:1.60:compile
709091500 org.bouncycastle:bcprov-jdk15on:jar:1.60:compile
584694804 org.bouncycastle:bctls-jdk15on:jar:1.60:compile
879706537 com.payneteasy:ber-tlv:jar:1.0-11:compile
#
705265015 1405163418 compile
705265015 1787913218 compile
705265015 440902120 compile
705265015 1831478624 compile
705265015 1657920572 compile
58791184 619621481 runtime
705265015 58791184 compile
705265015 408132785 compile
705265015 1955566523 compile
705265015 2133668271 compile
705265015 779179975 compile
705265015 709091500 compile
705265015 584694804 compile
705265015 879706537 compile
